# This file is automatically @generated by Cargo.
# It is not intended for manual editing.
version = 4

[[package]]
name = "bitflags"
version = "2.13.1"
source = "registry+https://github.com/rust-lang/crates.io-index"
checksum = "b588b76d00fde79687d7646a9b5bdf3cc0f655e0bbd080335a95d7e96f3587da"

[[package]]
name = "driver-common"
version = "0.1.0"
dependencies = [
 "bitflags",
]

[[package]]
name = "ext2"
version = "0.1.0"
dependencies = [
 "driver-common",
 "spin",
]

[[package]]
name = "lock_api"
version = "0.4.14"
source = "registry+https://github.com/rust-lang/crates.io-index"
checksum = "224399e74b87b5f3557511d98dff8b14089b3dadafcab6bb93eab67d3aace965"
dependencies = [
 "scopeguard",
]

[[package]]
name = "nvme"
version = "0.1.0"
dependencies = [
 "driver-common",
 "spin",
]

[[package]]
name = "pty"
version = "0.1.0"
dependencies = [
 "driver-common",
 "spin",
]

[[package]]
name = "samsara"
version = "0.1.0"
dependencies = [
 "driver-common",
 "ext2",
 "nvme",
 "pty",
 "storage",
]

[[package]]
name = "scopeguard"
version = "1.2.0"
source = "registry+https://github.com/rust-lang/crates.io-index"
checksum = "94143f37725109f92c262ed2cf5e59bce7498c01bcc1502d7b9afe439a4e9f49"

[[package]]
name = "spin"
version = "0.9.9"
source = "registry+https://github.com/rust-lang/crates.io-index"
checksum = "3763264f6b73151db08c50ff20d7d8a0b8796e021cdea7ceedad07b80155fa0e"
dependencies = [
 "lock_api",
]

[[package]]
name = "storage"
version = "0.1.0"
dependencies = [
 "driver-common",
 "spin",
]
