# This file is automatically @generated by Cargo.
# It is not intended for manual editing.
version = 4

[[package]]
name = "consoled"
version = "0.1.0"
dependencies = [
 "nutcracker-rt",
]

[[package]]
name = "inputd"
version = "0.1.0"
dependencies = [
 "nutcracker-rt",
]

[[package]]
name = "nutcracker-rt"
version = "0.1.0"
